
Microsoft Visual Studio Solution File, Format Version 12.00
# Visual Studio Version 17
VisualStudioVersion = 17.14.36202.13
MinimumVisualStudioVersion = 10.0.40219.1
Project("{FAE04EC0-301F-11D3-BF4B-00C04F79EFBC}") = "BaseCleanArchTemplete", "BaseCleanArchTemplete\BaseCleanArchTemplete.csproj", "{E338DF0D-D730-4C1D-9D48-26048780A3D3}"
EndProject
Project("{FAE04EC0-301F-11D3-BF4B-00C04F79EFBC}") = "Service", "Service\Service.csproj", "{2C13B448-3BC3-43E7-88B0-DA77FC53CEF3}"
EndProject
Project("{FAE04EC0-301F-11D3-BF4B-00C04F79EFBC}") = "Domain", "Domain\Domain.csproj", "{5983BABC-56F5-47E5-901C-78392564CA55}"
EndProject
Project("{FAE04EC0-301F-11D3-BF4B-00C04F79EFBC}") = "Infrastructure", "Infrastructure\Infrastructure.csproj", "{1F4F8296-8C1E-4FBE-AB7A-378B29C8B4F3}"
EndProject
Global
	GlobalSection(SolutionConfigurationPlatforms) = preSolution
		Debug|Any CPU = Debug|Any CPU
		Release|Any CPU = Release|Any CPU
	EndGlobalSection
	GlobalSection(ProjectConfigurationPlatforms) = postSolution
		{E338DF0D-D730-4C1D-9D48-26048780A3D3}.Debug|Any CPU.ActiveCfg = Debug|Any CPU
		{E338DF0D-D730-4C1D-9D48-26048780A3D3}.Debug|Any CPU.Build.0 = Debug|Any CPU
		{E338DF0D-D730-4C1D-9D48-26048780A3D3}.Release|Any CPU.ActiveCfg = Release|Any CPU
		{E338DF0D-D730-4C1D-9D48-26048780A3D3}.Release|Any CPU.Build.0 = Release|Any CPU
		{2C13B448-3BC3-43E7-88B0-DA77FC53CEF3}.Debug|Any CPU.ActiveCfg = Debug|Any CPU
		{2C13B448-3BC3-43E7-88B0-DA77FC53CEF3}.Debug|Any CPU.Build.0 = Debug|Any CPU
		{2C13B448-3BC3-43E7-88B0-DA77FC53CEF3}.Release|Any CPU.ActiveCfg = Release|Any CPU
		{2C13B448-3BC3-43E7-88B0-DA77FC53CEF3}.Release|Any CPU.Build.0 = Release|Any CPU
		{5983BABC-56F5-47E5-901C-78392564CA55}.Debug|Any CPU.ActiveCfg = Debug|Any CPU
		{5983BABC-56F5-47E5-901C-78392564CA55}.Debug|Any CPU.Build.0 = Debug|Any CPU
		{5983BABC-56F5-47E5-901C-78392564CA55}.Release|Any CPU.ActiveCfg = Release|Any CPU
		{5983BABC-56F5-47E5-901C-78392564CA55}.Release|Any CPU.Build.0 = Release|Any CPU
		{1F4F8296-8C1E-4FBE-AB7A-378B29C8B4F3}.Debug|Any CPU.ActiveCfg = Debug|Any CPU
		{1F4F8296-8C1E-4FBE-AB7A-378B29C8B4F3}.Debug|Any CPU.Build.0 = Debug|Any CPU
		{1F4F8296-8C1E-4FBE-AB7A-378B29C8B4F3}.Release|Any CPU.ActiveCfg = Release|Any CPU
		{1F4F8296-8C1E-4FBE-AB7A-378B29C8B4F3}.Release|Any CPU.Build.0 = Release|Any CPU
	EndGlobalSection
	GlobalSection(SolutionProperties) = preSolution
		HideSolutionNode = FALSE
	EndGlobalSection
	GlobalSection(ExtensibilityGlobals) = postSolution
		SolutionGuid = {4F4E1965-5D65-46A0-8272-70E1345B5C03}
	EndGlobalSection
EndGlobal
